
Microsoft Visual Studio Solution File, Format Version 12.00
# Visual Studio Version 17
VisualStudioVersion = 17.5.33424.131
MinimumVisualStudioVersion = 10.0.40219.1
Project("{9A19103F-16F7-4668-BE54-9A1E7A4F7556}") = "GC.Consulta.WebApi", "GC.Consulta.WebApi\GC.Consulta.WebApi.csproj", "{721A7021-3BC2-4B5A-9548-4CA521F79706}"
EndProject
Project("{9A19103F-16F7-4668-BE54-9A1E7A4F7556}") = "GC.Consulta.Domain", "GC.Consulta.Domain\GC.Consulta.Domain.csproj", "{A799EC9D-FAE8-4A55-8548-7C4F47FDAEC0}"
EndProject
Project("{9A19103F-16F7-4668-BE54-9A1E7A4F7556}") = "GC.Consulta.Infra", "GC.Consulta.Infra\GC.Consulta.Infra.csproj", "{74D7CEB7-2A83-400E-AF52-50ACCCF702B8}"
EndProject
Project("{9A19103F-16F7-4668-BE54-9A1E7A4F7556}") = "GC.Consulta.Servico", "GC.Consulta.Servico\GC.Consulta.Servico.csproj", "{CD0C3352-F662-40BE-B590-D1E117E81AA9}"
EndProject
Project("{2150E333-8FDC-42A3-9474-1A3956D46DE8}") = "Solution Items", "Solution Items", "{59157F8D-39D3-433B-8225-8C462BA6F953}"
	ProjectSection(SolutionItems) = preProject
		.editorconfig = .editorconfig
	EndProjectSection
EndProject
Global
	GlobalSection(SolutionConfigurationPlatforms) = preSolution
		Debug|Any CPU = Debug|Any CPU
		Release|Any CPU = Release|Any CPU
	EndGlobalSection
	GlobalSection(ProjectConfigurationPlatforms) = postSolution
		{721A7021-3BC2-4B5A-9548-4CA521F79706}.Debug|Any CPU.ActiveCfg = Debug|Any CPU
		{721A7021-3BC2-4B5A-9548-4CA521F79706}.Debug|Any CPU.Build.0 = Debug|Any CPU
		{721A7021-3BC2-4B5A-9548-4CA521F79706}.Release|Any CPU.ActiveCfg = Release|Any CPU
		{721A7021-3BC2-4B5A-9548-4CA521F79706}.Release|Any CPU.Build.0 = Release|Any CPU
		{A799EC9D-FAE8-4A55-8548-7C4F47FDAEC0}.Debug|Any CPU.ActiveCfg = Debug|Any CPU
		{A799EC9D-FAE8-4A55-8548-7C4F47FDAEC0}.Debug|Any CPU.Build.0 = Debug|Any CPU
		{A799EC9D-FAE8-4A55-8548-7C4F47FDAEC0}.Release|Any CPU.ActiveCfg = Release|Any CPU
		{A799EC9D-FAE8-4A55-8548-7C4F47FDAEC0}.Release|Any CPU.Build.0 = Release|Any CPU
		{74D7CEB7-2A83-400E-AF52-50ACCCF702B8}.Debug|Any CPU.ActiveCfg = Debug|Any CPU
		{74D7CEB7-2A83-400E-AF52-50ACCCF702B8}.Debug|Any CPU.Build.0 = Debug|Any CPU
		{74D7CEB7-2A83-400E-AF52-50ACCCF702B8}.Release|Any CPU.ActiveCfg = Release|Any CPU
		{74D7CEB7-2A83-400E-AF52-50ACCCF702B8}.Release|Any CPU.Build.0 = Release|Any CPU
		{CD0C3352-F662-40BE-B590-D1E117E81AA9}.Debug|Any CPU.ActiveCfg = Debug|Any CPU
		{CD0C3352-F662-40BE-B590-D1E117E81AA9}.Debug|Any CPU.Build.0 = Debug|Any CPU
		{CD0C3352-F662-40BE-B590-D1E117E81AA9}.Release|Any CPU.ActiveCfg = Release|Any CPU
		{CD0C3352-F662-40BE-B590-D1E117E81AA9}.Release|Any CPU.Build.0 = Release|Any CPU
	EndGlobalSection
	GlobalSection(SolutionProperties) = preSolution
		HideSolutionNode = FALSE
	EndGlobalSection
	GlobalSection(ExtensibilityGlobals) = postSolution
		SolutionGuid = {AD453BD7-19D8-4189-95D1-3D6E563C82D2}
	EndGlobalSection
EndGlobal
